
Microsoft Visual Studio Solution File, Format Version 12.00
# Visual Studio 2012
Project("{FAE04EC0-301F-11D3-BF4B-00C04F79EFBC}") = "Core", "Core\Core.csproj", "{6658A7B9-43B4-4760-91F0-491ED010E108}"
EndProject
Project("{FAE04EC0-301F-11D3-BF4B-00C04F79EFBC}") = "Infrastructure.Data", "Infrastructure.Data\Infrastructure.Data.csproj", "{B1AEA183-9FE3-44B8-A7E4-A6F7D38EEABA}"
EndProject
Project("{FAE04EC0-301F-11D3-BF4B-00C04F79EFBC}") = "Infrastructure.Data.SqlAzure", "Infrastructure.Data.SqlAzure\Infrastructure.Data.SqlAzure.csproj", "{7685D9A5-D53A-40FD-8EB3-D325C95F6331}"
EndProject
Project("{FAE04EC0-301F-11D3-BF4B-00C04F79EFBC}") = "Infrastructure.Data.MongoDb", "Infrastructure.Data.MongoDb\Infrastructure.Data.MongoDb.csproj", "{ADA1C196-B9D2-40A8-99D0-986463655D48}"
EndProject
Project("{2150E333-8FDC-42A3-9474-1A3956D46DE8}") = ".nuget", ".nuget", "{CE86DCD9-D794-49DD-958E-F9446D219135}"
	ProjectSection(SolutionItems) = preProject
		.nuget\NuGet.Config = .nuget\NuGet.Config
		.nuget\NuGet.exe = .nuget\NuGet.exe
		.nuget\NuGet.targets = .nuget\NuGet.targets
	EndProjectSection
EndProject
Project("{FAE04EC0-301F-11D3-BF4B-00C04F79EFBC}") = "UnitTest.Infrastructure.Data.SqlAzure", "UnitTest.Infrastructure.Data.SqlAzure\UnitTest.Infrastructure.Data.SqlAzure.csproj", "{20293FFB-0F94-4F2F-88FE-1E36E1263130}"
EndProject
Project("{FAE04EC0-301F-11D3-BF4B-00C04F79EFBC}") = "UnitTest.Infrastructure.Data.MongoDb", "UnitTest.Infrastructure.Data.MongoDb\UnitTest.Infrastructure.Data.MongoDb.csproj", "{584AE52B-EF1B-45CF-AA04-2163B7668DAE}"
EndProject
Project("{FAE04EC0-301F-11D3-BF4B-00C04F79EFBC}") = "Infrastructure.Client.PocFunWeb", "Infrastructure.Client.PocFunWeb\Infrastructure.Client.PocFunWeb.csproj", "{D4938F13-2607-4885-8636-E0DD3D0D4B66}"
EndProject
Project("{FAE04EC0-301F-11D3-BF4B-00C04F79EFBC}") = "Infrastructure.Server", "Infrastructure.Server\Infrastructure.Server.csproj", "{AB42464C-0D88-4959-B1DD-C2C7052BC73F}"
EndProject
Global
	GlobalSection(SolutionConfigurationPlatforms) = preSolution
		Debug|Any CPU = Debug|Any CPU
		Release|Any CPU = Release|Any CPU
	EndGlobalSection
	GlobalSection(ProjectConfigurationPlatforms) = postSolution
		{6658A7B9-43B4-4760-91F0-491ED010E108}.Debug|Any CPU.ActiveCfg = Debug|Any CPU
		{6658A7B9-43B4-4760-91F0-491ED010E108}.Debug|Any CPU.Build.0 = Debug|Any CPU
		{6658A7B9-43B4-4760-91F0-491ED010E108}.Release|Any CPU.ActiveCfg = Release|Any CPU
		{6658A7B9-43B4-4760-91F0-491ED010E108}.Release|Any CPU.Build.0 = Release|Any CPU
		{B1AEA183-9FE3-44B8-A7E4-A6F7D38EEABA}.Debug|Any CPU.ActiveCfg = Debug|Any CPU
		{B1AEA183-9FE3-44B8-A7E4-A6F7D38EEABA}.Debug|Any CPU.Build.0 = Debug|Any CPU
		{B1AEA183-9FE3-44B8-A7E4-A6F7D38EEABA}.Release|Any CPU.ActiveCfg = Release|Any CPU
		{B1AEA183-9FE3-44B8-A7E4-A6F7D38EEABA}.Release|Any CPU.Build.0 = Release|Any CPU
		{7685D9A5-D53A-40FD-8EB3-D325C95F6331}.Debug|Any CPU.ActiveCfg = Debug|Any CPU
		{7685D9A5-D53A-40FD-8EB3-D325C95F6331}.Debug|Any CPU.Build.0 = Debug|Any CPU
		{7685D9A5-D53A-40FD-8EB3-D325C95F6331}.Release|Any CPU.ActiveCfg = Release|Any CPU
		{7685D9A5-D53A-40FD-8EB3-D325C95F6331}.Release|Any CPU.Build.0 = Release|Any CPU
		{ADA1C196-B9D2-40A8-99D0-986463655D48}.Debug|Any CPU.ActiveCfg = Debug|Any CPU
		{ADA1C196-B9D2-40A8-99D0-986463655D48}.Debug|Any CPU.Build.0 = Debug|Any CPU
		{ADA1C196-B9D2-40A8-99D0-986463655D48}.Release|Any CPU.ActiveCfg = Release|Any CPU
		{ADA1C196-B9D2-40A8-99D0-986463655D48}.Release|Any CPU.Build.0 = Release|Any CPU
		{20293FFB-0F94-4F2F-88FE-1E36E1263130}.Debug|Any CPU.ActiveCfg = Debug|Any CPU
		{20293FFB-0F94-4F2F-88FE-1E36E1263130}.Debug|Any CPU.Build.0 = Debug|Any CPU
		{20293FFB-0F94-4F2F-88FE-1E36E1263130}.Release|Any CPU.ActiveCfg = Release|Any CPU
		{20293FFB-0F94-4F2F-88FE-1E36E1263130}.Release|Any CPU.Build.0 = Release|Any CPU
		{584AE52B-EF1B-45CF-AA04-2163B7668DAE}.Debug|Any CPU.ActiveCfg = Debug|Any CPU
		{584AE52B-EF1B-45CF-AA04-2163B7668DAE}.Debug|Any CPU.Build.0 = Debug|Any CPU
		{584AE52B-EF1B-45CF-AA04-2163B7668DAE}.Release|Any CPU.ActiveCfg = Release|Any CPU
		{584AE52B-EF1B-45CF-AA04-2163B7668DAE}.Release|Any CPU.Build.0 = Release|Any CPU
		{D4938F13-2607-4885-8636-E0DD3D0D4B66}.Debug|Any CPU.ActiveCfg = Debug|Any CPU
		{D4938F13-2607-4885-8636-E0DD3D0D4B66}.Debug|Any CPU.Build.0 = Debug|Any CPU
		{D4938F13-2607-4885-8636-E0DD3D0D4B66}.Release|Any CPU.ActiveCfg = Release|Any CPU
		{D4938F13-2607-4885-8636-E0DD3D0D4B66}.Release|Any CPU.Build.0 = Release|Any CPU
		{AB42464C-0D88-4959-B1DD-C2C7052BC73F}.Debug|Any CPU.ActiveCfg = Debug|Any CPU
		{AB42464C-0D88-4959-B1DD-C2C7052BC73F}.Debug|Any CPU.Build.0 = Debug|Any CPU
		{AB42464C-0D88-4959-B1DD-C2C7052BC73F}.Release|Any CPU.ActiveCfg = Release|Any CPU
		{AB42464C-0D88-4959-B1DD-C2C7052BC73F}.Release|Any CPU.Build.0 = Release|Any CPU
	EndGlobalSection
	GlobalSection(SolutionProperties) = preSolution
		HideSolutionNode = FALSE
	EndGlobalSection
EndGlobal
